// !$*UTF8*$!
{
	archiveVersion = 1;
	classes = {
	};
	objectVersion = 46;
	objects = {
/* Begin PBXBuildFile section */
		0207DA581B56EA530066E2B4 /* Images.xcassets in Resources */ = {isa = PBXBuildFile; fileRef = 0207DA571B56EA530066E2B4 /* Images.xcassets */; };
		1D3623260D0F684500981E51 /* AppDelegate.m in Sources */ = {isa = PBXBuildFile; fileRef = 1D3623250D0F684500981E51 /* AppDelegate.m */; };
		1D60589B0D05DD56006BFB54 /* main.m in Sources */ = {isa = PBXBuildFile; fileRef = 29B97316FDCFA39411CA2CEA /* main.m */; };
		301BF552109A68D80062928A /* libCordova.a in Frameworks */ = {isa = PBXBuildFile; fileRef = 301BF535109A57CC0062928A /* libCordova.a */; };
		302D95F114D2391D003F00A1 /* MainViewController.m in Sources */ = {isa = PBXBuildFile; fileRef = 302D95EF14D2391D003F00A1 /* MainViewController.m */; };
		302D95F214D2391D003F00A1 /* MainViewController.xib in Resources */ = {isa = PBXBuildFile; fileRef = 302D95F014D2391D003F00A1 /* MainViewController.xib */; };
		3047A5121AB8059700498E2A /* build-debug.xcconfig in Resources */ = {isa = PBXBuildFile; fileRef = 3047A50F1AB8059700498E2A /* build-debug.xcconfig */; };
		3047A5131AB8059700498E2A /* build-release.xcconfig in Resources */ = {isa = PBXBuildFile; fileRef = 3047A5101AB8059700498E2A /* build-release.xcconfig */; };
		3047A5141AB8059700498E2A /* build.xcconfig in Resources */ = {isa = PBXBuildFile; fileRef = 3047A5111AB8059700498E2A /* build.xcconfig */; };
		6AFF5BF91D6E424B00AB3073 /* CDVLaunchScreen.storyboard in Resources */ = {isa = PBXBuildFile; fileRef = 6AFF5BF81D6E424B00AB3073 /* CDVLaunchScreen.storyboard */; };
		11548B5F74F34AB2801D2F7D /* CDVDevice.m in Sources */ = {isa = PBXBuildFile; fileRef = CBC2BE24EBCD4726916A7B1A /* CDVDevice.m */; };
		F3F7C54E23364CF38A8BE815 /* CDVLocation.m in Sources */ = {isa = PBXBuildFile; fileRef = 0AE6599D72474F9BAAE31F18 /* CDVLocation.m */; };
		315ECBFB2B83474FAFC9E505 /* CoreLocation.framework in Frameworks */ = {isa = PBXBuildFile; fileRef = 3983D0DBF0514F82A08E7DCD /* CoreLocation.framework */; };
		129BA13AEFF5489389E2E34B /* CDVWKWebViewEngine.m in Sources */ = {isa = PBXBuildFile; fileRef = A4135BE55599417897C28224 /* CDVWKWebViewEngine.m */; };
		5260131D4144485EBCFDE25C /* CDVWKWebViewUIDelegate.m in Sources */ = {isa = PBXBuildFile; fileRef = D09CEE899B76478C91AA6D2F /* CDVWKWebViewUIDelegate.m */; };
		27F69783162948DAA177A653 /* CDVWKProcessPoolFactory.m in Sources */ = {isa = PBXBuildFile; fileRef = C4E5D4D16616440DBC904B1E /* CDVWKProcessPoolFactory.m */; };
		A22CC7207ACD40A9BB8368F1 /* GCDWebServer.m in Sources */ = {isa = PBXBuildFile; fileRef = EC3A7EC3A4AC4F1C9BEF3991 /* GCDWebServer.m */; };
		1791292B55924E7A80184C92 /* GCDWebServerConnection.m in Sources */ = {isa = PBXBuildFile; fileRef = 92C3F8110EC44BEDBAEB79CD /* GCDWebServerConnection.m */; };
		32E3491EAB194846ACFB2331 /* GCDWebServerFunctions.m in Sources */ = {isa = PBXBuildFile; fileRef = 089490C2E5034F3FA97C886C /* GCDWebServerFunctions.m */; };
		A246FF06B5AC4E75951C30CF /* GCDWebServerRequest.m in Sources */ = {isa = PBXBuildFile; fileRef = 2338F519ADC14A97B55F3429 /* GCDWebServerRequest.m */; };
		7B688C5A7D20431B8159FDB8 /* GCDWebServerResponse.m in Sources */ = {isa = PBXBuildFile; fileRef = C97A9136F9D94137A88E6A3F /* GCDWebServerResponse.m */; };
		6C67B65F086D46BC9379617F /* GCDWebServerDataRequest.m in Sources */ = {isa = PBXBuildFile; fileRef = 78B732E3AE144160A730DC83 /* GCDWebServerDataRequest.m */; };
		FE954129D6FA4C15946E3CF0 /* GCDWebServerFileRequest.m in Sources */ = {isa = PBXBuildFile; fileRef = B38BAF5A88874603A89CF739 /* GCDWebServerFileRequest.m */; };
		F21EE348D4114AD8A91CA5DF /* GCDWebServerMultiPartFormRequest.m in Sources */ = {isa = PBXBuildFile; fileRef = E07F2FED681E4B199F920EB0 /* GCDWebServerMultiPartFormRequest.m */; };
		DA3C5820807B4B7ABF03497E /* GCDWebServerURLEncodedFormRequest.m in Sources */ = {isa = PBXBuildFile; fileRef = 2A691B9173014BC084510623 /* GCDWebServerURLEncodedFormRequest.m */; };
		DD8807889EF34F2C8C0607F5 /* GCDWebServerDataResponse.m in Sources */ = {isa = PBXBuildFile; fileRef = 07B5DD603E7D4F3E8FFDCC1D /* GCDWebServerDataResponse.m */; };
		C94A554BBC9C44BD81F3CDA7 /* GCDWebServerErrorResponse.m in Sources */ = {isa = PBXBuildFile; fileRef = 45385B57A82B4EE380324EB9 /* GCDWebServerErrorResponse.m */; };
		FA3E780A3CCA41499FBAC658 /* GCDWebServerFileResponse.m in Sources */ = {isa = PBXBuildFile; fileRef = AD8A5FB031DF4A1DA000FA4F /* GCDWebServerFileResponse.m */; };
		7A747D02C57E46FE91DBD733 /* GCDWebServerStreamedResponse.m in Sources */ = {isa = PBXBuildFile; fileRef = E79FA1B5BF3C45D28944824C /* GCDWebServerStreamedResponse.m */; };
		CBCA48DAE7AF4EFB945E0B58 /* WebKit.framework in Frameworks */ = {isa = PBXBuildFile; fileRef = E47D80E232FD4CF786D2FB0F /* WebKit.framework */; settings = {ATTRIBUTES = (Weak, ); }; };
		E1E1E93FEB914F57A9E8D1B5 /* libz.tbd in Frameworks */ = {isa = PBXBuildFile; fileRef = 86DFBCAB10424A20A4EA0098 /* libz.tbd */; };
		32B6E9FA15F444E590692938 /* BackgroundTaskManager.m in Sources */ = {isa = PBXBuildFile; fileRef = 195C7D05790C4603B829C08A /* BackgroundTaskManager.m */; };
		42E2784C7F00441899208238 /* CDVBackgroundGeolocation.m in Sources */ = {isa = PBXBuildFile; fileRef = FA7588569792484F9D66BD68 /* CDVBackgroundGeolocation.m */; };
		D396F69566FB48F4B81FDAF1 /* CocoaLumberjack.m in Sources */ = {isa = PBXBuildFile; fileRef = 6CD0726D142A43DB9C9E143E /* CocoaLumberjack.m */; };
		3F081BC4BF9B42EEAAC4B56F /* Config.m in Sources */ = {isa = PBXBuildFile; fileRef = ABC96A0173BB4451BBDB8D53 /* Config.m */; };
		D2F7D5FA5D0E44F1B9C2B47E /* FMDB.m in Sources */ = {isa = PBXBuildFile; fileRef = BB5E0A7650734BB78B105034 /* FMDB.m */; };
		A85D8F7D21B74EEFA558E1C7 /* FMDBLogger.m in Sources */ = {isa = PBXBuildFile; fileRef = D9529E75FBCC4A54889139C9 /* FMDBLogger.m */; };
		838EEC4F189B436692EF2997 /* GeolocationOpenHelper.m in Sources */ = {isa = PBXBuildFile; fileRef = E8F5FD4146494EB3B6912A4F /* GeolocationOpenHelper.m */; };
		5032031C65CB4B68A2348258 /* Location.m in Sources */ = {isa = PBXBuildFile; fileRef = E43B10AE364044C992751A47 /* Location.m */; };
		F560614B5D994BAE8D38A633 /* LocationContract.m in Sources */ = {isa = PBXBuildFile; fileRef = 9DDA28359F534304B678CA86 /* LocationContract.m */; };
		9BD1051CF69748D9A3453104 /* LocationManager.m in Sources */ = {isa = PBXBuildFile; fileRef = BBE611AB908A471E9396B80C /* LocationManager.m */; };
		A6006E6969B44DD5A4D0B362 /* LocationUploader.m in Sources */ = {isa = PBXBuildFile; fileRef = 55CE19AC687743F59D008C3E /* LocationUploader.m */; };
		8AC66868C8644F34913425DD /* Logging.m in Sources */ = {isa = PBXBuildFile; fileRef = 58FFC486B40342029D039983 /* Logging.m */; };
		72CD16DC54994BE9A2D19E48 /* Reachability.m in Sources */ = {isa = PBXBuildFile; fileRef = A52910BEB7F147DF92D55E4F /* Reachability.m */; };
		C5CA7639F10A49258ACAA69D /* SQLiteHelper.m in Sources */ = {isa = PBXBuildFile; fileRef = 342E9083332947F3BA5B2C1C /* SQLiteHelper.m */; };
		246D896E1F4E414AB4C62100 /* SQLiteLocationDAO.m in Sources */ = {isa = PBXBuildFile; fileRef = 860E1187B16A46A184FA9813 /* SQLiteLocationDAO.m */; };
		DF06AD1D072A4A399F4F9222 /* SQLiteOpenHelper.m in Sources */ = {isa = PBXBuildFile; fileRef = 9154CA0A428142F7A4E0BB9E /* SQLiteOpenHelper.m */; };
		6728C3147472439C8B46C609 /* SystemConfiguration.framework in Frameworks */ = {isa = PBXBuildFile; fileRef = D02CB62AE1284B0B8FE916F0 /* SystemConfiguration.framework */; };
		B34558004F174249AD0C0F03 /* AudioToolbox.framework in Frameworks */ = {isa = PBXBuildFile; fileRef = F74F33CB18E34695A85AF275 /* AudioToolbox.framework */; settings = {ATTRIBUTES = (Weak, ); }; };
		5994FC99404242BAB64AD223 /* AVFoundation.framework in Frameworks */ = {isa = PBXBuildFile; fileRef = 2EBC4D5AFDA443F59B28B372 /* AVFoundation.framework */; settings = {ATTRIBUTES = (Weak, ); }; };
		12E7664C55B5445497CDC6FD /* libsqlite3.dylib in Frameworks */ = {isa = PBXBuildFile; fileRef = 1C4EDAC4E4A14119A9174F2C /* libsqlite3.dylib */; settings = {ATTRIBUTES = (Weak, ); }; };
		118D465C2ADA44A486DE2DDD /* CDVSplashScreen.m in Sources */ = {isa = PBXBuildFile; fileRef = 20DEC19980564C459463CDA5 /* CDVSplashScreen.m */; };
		957120AEAF0842999E26C37A /* CDVViewController+SplashScreen.m in Sources */ = {isa = PBXBuildFile; fileRef = AA7EA88C52564944984D489F /* CDVViewController+SplashScreen.m */; };
		EB15C6FFE9BE4A9AB757FA35 /* IonicKeyboard.m in Sources */ = {isa = PBXBuildFile; fileRef = 807D08FB3E6847B4B7D0A1DF /* IonicKeyboard.m */; };
/* End PBXBuildFile section */

/* Begin PBXContainerItemProxy section */
		301BF534109A57CC0062928A /* PBXContainerItemProxy */ = {
			isa = PBXContainerItemProxy;
			containerPortal = 301BF52D109A57CC0062928A /* CordovaLib.xcodeproj */;
			proxyType = 2;
			remoteGlobalIDString = D2AAC07E0554694100DB518D;
			remoteInfo = CordovaLib;
		};
		301BF550109A68C00062928A /* PBXContainerItemProxy */ = {
			isa = PBXContainerItemProxy;
			containerPortal = 301BF52D109A57CC0062928A /* CordovaLib.xcodeproj */;
			proxyType = 1;
			remoteGlobalIDString = D2AAC07D0554694100DB518D;
			remoteInfo = CordovaLib;
		};
/* End PBXContainerItemProxy section */

/* Begin PBXFileReference section */
		0207DA571B56EA530066E2B4 /* Images.xcassets */ = {isa = PBXFileReference; lastKnownFileType = folder.assetcatalog; name = Images.xcassets; path = "nav/Images.xcassets"; sourceTree = SOURCE_ROOT; };
		1D3623240D0F684500981E51 /* AppDelegate.h */ = {isa = PBXFileReference; fileEncoding = 4; lastKnownFileType = sourcecode.c.h; path = AppDelegate.h; sourceTree = "<group>"; };
		1D3623250D0F684500981E51 /* AppDelegate.m */ = {isa = PBXFileReference; fileEncoding = 4; lastKnownFileType = sourcecode.c.objc; path = AppDelegate.m; sourceTree = "<group>"; };
		1D6058910D05DD3D006BFB54 /* nav.app */ = {isa = PBXFileReference; explicitFileType = wrapper.application; includeInIndex = 0; path = "nav.app"; sourceTree = BUILT_PRODUCTS_DIR; };
		29B97316FDCFA39411CA2CEA /* main.m */ = {isa = PBXFileReference; fileEncoding = 4; lastKnownFileType = sourcecode.c.objc; path = main.m; sourceTree = "<group>"; };
		301BF52D109A57CC0062928A /* CordovaLib.xcodeproj */ = {isa = PBXFileReference; lastKnownFileType = "wrapper.pb-project"; path = CordovaLib/CordovaLib.xcodeproj; sourceTree = "<group>"; };
		301BF56E109A69640062928A /* www */ = {isa = PBXFileReference; lastKnownFileType = folder; path = www; sourceTree = SOURCE_ROOT; };
		302D95EE14D2391D003F00A1 /* MainViewController.h */ = {isa = PBXFileReference; fileEncoding = 4; lastKnownFileType = sourcecode.c.h; path = MainViewController.h; sourceTree = "<group>"; };
		302D95EF14D2391D003F00A1 /* MainViewController.m */ = {isa = PBXFileReference; fileEncoding = 4; lastKnownFileType = sourcecode.c.objc; path = MainViewController.m; sourceTree = "<group>"; };
		302D95F014D2391D003F00A1 /* MainViewController.xib */ = {isa = PBXFileReference; fileEncoding = 4; lastKnownFileType = file.xib; path = MainViewController.xib; sourceTree = "<group>"; };
		3047A50F1AB8059700498E2A /* build-debug.xcconfig */ = {isa = PBXFileReference; fileEncoding = 4; lastKnownFileType = text.xcconfig; name = "build-debug.xcconfig"; path = cordova/build-debug.xcconfig; sourceTree = SOURCE_ROOT; };
		3047A5101AB8059700498E2A /* build-release.xcconfig */ = {isa = PBXFileReference; fileEncoding = 4; lastKnownFileType = text.xcconfig; name = "build-release.xcconfig"; path = cordova/build-release.xcconfig; sourceTree = SOURCE_ROOT; };
		3047A5111AB8059700498E2A /* build.xcconfig */ = {isa = PBXFileReference; fileEncoding = 4; lastKnownFileType = text.xcconfig; name = build.xcconfig; path = cordova/build.xcconfig; sourceTree = SOURCE_ROOT; };
		32CA4F630368D1EE00C91783 /* nav-Prefix.pch */ = {isa = PBXFileReference; fileEncoding = 4; lastKnownFileType = sourcecode.c.h; path = "nav-Prefix.pch"; sourceTree = "<group>"; };
		6AFF5BF81D6E424B00AB3073 /* CDVLaunchScreen.storyboard */ = {isa = PBXFileReference; fileEncoding = 4; lastKnownFileType = file.storyboard; name = CDVLaunchScreen.storyboard; path = "nav/CDVLaunchScreen.storyboard"; sourceTree = SOURCE_ROOT; };
		8D1107310486CEB800E47090 /* nav-Info.plist */ = {isa = PBXFileReference; fileEncoding = 4; lastKnownFileType = text.plist.xml; name = "nav-Info.plist"; path = "nav/nav-Info.plist"; plistStructureDefinitionIdentifier = "com.apple.xcode.plist.structure-definition.iphone.info-plist"; sourceTree = SOURCE_ROOT; };
		EB87FDF31871DA8E0020F90C /* www */ = {isa = PBXFileReference; lastKnownFileType = folder; name = www; path = ../../www; sourceTree = "<group>"; };
		EB87FDF41871DAF40020F90C /* config.xml */ = {isa = PBXFileReference; lastKnownFileType = text.xml; name = config.xml; path = ../../config.xml; sourceTree = "<group>"; };
		F840E1F0165FE0F500CFE078 /* config.xml */ = {isa = PBXFileReference; lastKnownFileType = text.xml; name = config.xml; path = "nav/config.xml"; sourceTree = "<group>"; };
		ED33DF2A687741AEAF9F8254 /* Bridging-Header.h */ = {isa = PBXFileReference; fileEncoding = 4; lastKnownFileType = sourcecode.c.h; name = "Bridging-Header.h"; path = "Bridging-Header.h"; sourceTree = "<group>"; };
		CBC2BE24EBCD4726916A7B1A /* CDVDevice.m */ = {isa = PBXFileReference; name = "CDVDevice.m"; path = "cordova-plugin-device/CDVDevice.m"; sourceTree = "<group>"; fileEncoding = 4; lastKnownFileType = sourcecode.c.objc; explicitFileType = undefined; includeInIndex = 0; };
		CF854C4EF74B4152BBC9A38E /* CDVDevice.h */ = {isa = PBXFileReference; name = "CDVDevice.h"; path = "cordova-plugin-device/CDVDevice.h"; sourceTree = "<group>"; fileEncoding = 4; lastKnownFileType = sourcecode.c.h; explicitFileType = undefined; includeInIndex = 0; };
		0AE6599D72474F9BAAE31F18 /* CDVLocation.m */ = {isa = PBXFileReference; name = "CDVLocation.m"; path = "cordova-plugin-geolocation/CDVLocation.m"; sourceTree = "<group>"; fileEncoding = 4; lastKnownFileType = sourcecode.c.objc; explicitFileType = undefined; includeInIndex = 0; };
		60673F067C5443EF8CD2AFF0 /* CDVLocation.h */ = {isa = PBXFileReference; name = "CDVLocation.h"; path = "cordova-plugin-geolocation/CDVLocation.h"; sourceTree = "<group>"; fileEncoding = 4; lastKnownFileType = sourcecode.c.h; explicitFileType = undefined; includeInIndex = 0; };
		3983D0DBF0514F82A08E7DCD /* CoreLocation.framework */ = {isa = PBXFileReference; name = "CoreLocation.framework"; path = "System/Library/Frameworks/CoreLocation.framework"; sourceTree = SDKROOT; fileEncoding = undefined; lastKnownFileType = wrapper.framework; explicitFileType = undefined; includeInIndex = 0; };
		A4135BE55599417897C28224 /* CDVWKWebViewEngine.m */ = {isa = PBXFileReference; name = "CDVWKWebViewEngine.m"; path = "cordova-plugin-ionic-webview/CDVWKWebViewEngine.m"; sourceTree = "<group>"; fileEncoding = 4; lastKnownFileType = sourcecode.c.objc; explicitFileType = undefined; includeInIndex = 0; };
		D09CEE899B76478C91AA6D2F /* CDVWKWebViewUIDelegate.m */ = {isa = PBXFileReference; name = "CDVWKWebViewUIDelegate.m"; path = "cordova-plugin-ionic-webview/CDVWKWebViewUIDelegate.m"; sourceTree = "<group>"; fileEncoding = 4; lastKnownFileType = sourcecode.c.objc; explicitFileType = undefined; includeInIndex = 0; };
		C4E5D4D16616440DBC904B1E /* CDVWKProcessPoolFactory.m */ = {isa = PBXFileReference; name = "CDVWKProcessPoolFactory.m"; path = "cordova-plugin-ionic-webview/CDVWKProcessPoolFactory.m"; sourceTree = "<group>"; fileEncoding = 4; lastKnownFileType = sourcecode.c.objc; explicitFileType = undefined; includeInIndex = 0; };
		EC3A7EC3A4AC4F1C9BEF3991 /* GCDWebServer.m */ = {isa = PBXFileReference; name = "GCDWebServer.m"; path = "cordova-plugin-ionic-webview/GCDWebServer.m"; sourceTree = "<group>"; fileEncoding = 4; lastKnownFileType = sourcecode.c.objc; explicitFileType = undefined; includeInIndex = 0; };
		92C3F8110EC44BEDBAEB79CD /* GCDWebServerConnection.m */ = {isa = PBXFileReference; name = "GCDWebServerConnection.m"; path = "cordova-plugin-ionic-webview/GCDWebServerConnection.m"; sourceTree = "<group>"; fileEncoding = 4; lastKnownFileType = sourcecode.c.objc; explicitFileType = undefined; includeInIndex = 0; };
		089490C2E5034F3FA97C886C /* GCDWebServerFunctions.m */ = {isa = PBXFileReference; name = "GCDWebServerFunctions.m"; path = "cordova-plugin-ionic-webview/GCDWebServerFunctions.m"; sourceTree = "<group>"; fileEncoding = 4; lastKnownFileType = sourcecode.c.objc; explicitFileType = undefined; includeInIndex = 0; };
		2338F519ADC14A97B55F3429 /* GCDWebServerRequest.m */ = {isa = PBXFileReference; name = "GCDWebServerRequest.m"; path = "cordova-plugin-ionic-webview/GCDWebServerRequest.m"; sourceTree = "<group>"; fileEncoding = 4; lastKnownFileType = sourcecode.c.objc; explicitFileType = undefined; includeInIndex = 0; };
		C97A9136F9D94137A88E6A3F /* GCDWebServerResponse.m */ = {isa = PBXFileReference; name = "GCDWebServerResponse.m"; path = "cordova-plugin-ionic-webview/GCDWebServerResponse.m"; sourceTree = "<group>"; fileEncoding = 4; lastKnownFileType = sourcecode.c.objc; explicitFileType = undefined; includeInIndex = 0; };
		78B732E3AE144160A730DC83 /* GCDWebServerDataRequest.m */ = {isa = PBXFileReference; name = "GCDWebServerDataRequest.m"; path = "cordova-plugin-ionic-webview/GCDWebServerDataRequest.m"; sourceTree = "<group>"; fileEncoding = 4; lastKnownFileType = sourcecode.c.objc; explicitFileType = undefined; includeInIndex = 0; };
		B38BAF5A88874603A89CF739 /* GCDWebServerFileRequest.m */ = {isa = PBXFileReference; name = "GCDWebServerFileRequest.m"; path = "cordova-plugin-ionic-webview/GCDWebServerFileRequest.m"; sourceTree = "<group>"; fileEncoding = 4; lastKnownFileType = sourcecode.c.objc; explicitFileType = undefined; includeInIndex = 0; };
		E07F2FED681E4B199F920EB0 /* GCDWebServerMultiPartFormRequest.m */ = {isa = PBXFileReference; name = "GCDWebServerMultiPartFormRequest.m"; path = "cordova-plugin-ionic-webview/GCDWebServerMultiPartFormRequest.m"; sourceTree = "<group>"; fileEncoding = 4; lastKnownFileType = sourcecode.c.objc; explicitFileType = undefined; includeInIndex = 0; };
		2A691B9173014BC084510623 /* GCDWebServerURLEncodedFormRequest.m */ = {isa = PBXFileReference; name = "GCDWebServerURLEncodedFormRequest.m"; path = "cordova-plugin-ionic-webview/GCDWebServerURLEncodedFormRequest.m"; sourceTree = "<group>"; fileEncoding = 4; lastKnownFileType = sourcecode.c.objc; explicitFileType = undefined; includeInIndex = 0; };
		07B5DD603E7D4F3E8FFDCC1D /* GCDWebServerDataResponse.m */ = {isa = PBXFileReference; name = "GCDWebServerDataResponse.m"; path = "cordova-plugin-ionic-webview/GCDWebServerDataResponse.m"; sourceTree = "<group>"; fileEncoding = 4; lastKnownFileType = sourcecode.c.objc; explicitFileType = undefined; includeInIndex = 0; };
		45385B57A82B4EE380324EB9 /* GCDWebServerErrorResponse.m */ = {isa = PBXFileReference; name = "GCDWebServerErrorResponse.m"; path = "cordova-plugin-ionic-webview/GCDWebServerErrorResponse.m"; sourceTree = "<group>"; fileEncoding = 4; lastKnownFileType = sourcecode.c.objc; explicitFileType = undefined; includeInIndex = 0; };
		AD8A5FB031DF4A1DA000FA4F /* GCDWebServerFileResponse.m */ = {isa = PBXFileReference; name = "GCDWebServerFileResponse.m"; path = "cordova-plugin-ionic-webview/GCDWebServerFileResponse.m"; sourceTree = "<group>"; fileEncoding = 4; lastKnownFileType = sourcecode.c.objc; explicitFileType = undefined; includeInIndex = 0; };
		E79FA1B5BF3C45D28944824C /* GCDWebServerStreamedResponse.m */ = {isa = PBXFileReference; name = "GCDWebServerStreamedResponse.m"; path = "cordova-plugin-ionic-webview/GCDWebServerStreamedResponse.m"; sourceTree = "<group>"; fileEncoding = 4; lastKnownFileType = sourcecode.c.objc; explicitFileType = undefined; includeInIndex = 0; };
		3EBF27EAD5D2408AA2495555 /* CDVWKWebViewEngine.h */ = {isa = PBXFileReference; name = "CDVWKWebViewEngine.h"; path = "cordova-plugin-ionic-webview/CDVWKWebViewEngine.h"; sourceTree = "<group>"; fileEncoding = 4; lastKnownFileType = sourcecode.c.h; explicitFileType = undefined; includeInIndex = 0; };
		CDECA72FEFFE49A691C329AA /* CDVWKWebViewUIDelegate.h */ = {isa = PBXFileReference; name = "CDVWKWebViewUIDelegate.h"; path = "cordova-plugin-ionic-webview/CDVWKWebViewUIDelegate.h"; sourceTree = "<group>"; fileEncoding = 4; lastKnownFileType = sourcecode.c.h; explicitFileType = undefined; includeInIndex = 0; };
		D0A362771CE84B609E5BD729 /* CDVWKProcessPoolFactory.h */ = {isa = PBXFileReference; name = "CDVWKProcessPoolFactory.h"; path = "cordova-plugin-ionic-webview/CDVWKProcessPoolFactory.h"; sourceTree = "<group>"; fileEncoding = 4; lastKnownFileType = sourcecode.c.h; explicitFileType = undefined; includeInIndex = 0; };
		E5AC4732E17F4B3A8BDF0A93 /* GCDWebServer.h */ = {isa = PBXFileReference; name = "GCDWebServer.h"; path = "cordova-plugin-ionic-webview/GCDWebServer.h"; sourceTree = "<group>"; fileEncoding = 4; lastKnownFileType = sourcecode.c.h; explicitFileType = undefined; includeInIndex = 0; };
		DE9F193C3BA049D6AEEBD2CB /* GCDWebServerConnection.h */ = {isa = PBXFileReference; name = "GCDWebServerConnection.h"; path = "cordova-plugin-ionic-webview/GCDWebServerConnection.h"; sourceTree = "<group>"; fileEncoding = 4; lastKnownFileType = sourcecode.c.h; explicitFileType = undefined; includeInIndex = 0; };
		1F0B850927E9414A97B87BD1 /* GCDWebServerFunctions.h */ = {isa = PBXFileReference; name = "GCDWebServerFunctions.h"; path = "cordova-plugin-ionic-webview/GCDWebServerFunctions.h"; sourceTree = "<group>"; fileEncoding = 4; lastKnownFileType = sourcecode.c.h; explicitFileType = undefined; includeInIndex = 0; };
		C620DEF5E30043DCAD23ECCF /* GCDWebServerHTTPStatusCodes.h */ = {isa = PBXFileReference; name = "GCDWebServerHTTPStatusCodes.h"; path = "cordova-plugin-ionic-webview/GCDWebServerHTTPStatusCodes.h"; sourceTree = "<group>"; fileEncoding = 4; lastKnownFileType = sourcecode.c.h; explicitFileType = undefined; includeInIndex = 0; };
		54B27EB0E12348679E2942E8 /* GCDWebServerPrivate.h */ = {isa = PBXFileReference; name = "GCDWebServerPrivate.h"; path = "cordova-plugin-ionic-webview/GCDWebServerPrivate.h"; sourceTree = "<group>"; fileEncoding = 4; lastKnownFileType = sourcecode.c.h; explicitFileType = undefined; includeInIndex = 0; };
		7AF4A3863BA84F688A28B7E4 /* GCDWebServerRequest.h */ = {isa = PBXFileReference; name = "GCDWebServerRequest.h"; path = "cordova-plugin-ionic-webview/GCDWebServerRequest.h"; sourceTree = "<group>"; fileEncoding = 4; lastKnownFileType = sourcecode.c.h; explicitFileType = undefined; includeInIndex = 0; };
		16D715A2CDB6401893B519CE /* GCDWebServerResponse.h */ = {isa = PBXFileReference; name = "GCDWebServerResponse.h"; path = "cordova-plugin-ionic-webview/GCDWebServerResponse.h"; sourceTree = "<group>"; fileEncoding = 4; lastKnownFileType = sourcecode.c.h; explicitFileType = undefined; includeInIndex = 0; };
		B841A0939B6243AB864010E5 /* GCDWebServerDataRequest.h */ = {isa = PBXFileReference; name = "GCDWebServerDataRequest.h"; path = "cordova-plugin-ionic-webview/GCDWebServerDataRequest.h"; sourceTree = "<group>"; fileEncoding = 4; lastKnownFileType = sourcecode.c.h; explicitFileType = undefined; includeInIndex = 0; };
		3F598380B8BB4071A131E01A /* GCDWebServerFileRequest.h */ = {isa = PBXFileReference; name = "GCDWebServerFileRequest.h"; path = "cordova-plugin-ionic-webview/GCDWebServerFileRequest.h"; sourceTree = "<group>"; fileEncoding = 4; lastKnownFileType = sourcecode.c.h; explicitFileType = undefined; includeInIndex = 0; };
		7AE695B13685431E9202B919 /* GCDWebServerMultiPartFormRequest.h */ = {isa = PBXFileReference; name = "GCDWebServerMultiPartFormRequest.h"; path = "cordova-plugin-ionic-webview/GCDWebServerMultiPartFormRequest.h"; sourceTree = "<group>"; fileEncoding = 4; lastKnownFileType = sourcecode.c.h; explicitFileType = undefined; includeInIndex = 0; };
		363C5945C34B4A6093893DB0 /* GCDWebServerURLEncodedFormRequest.h */ = {isa = PBXFileReference; name = "GCDWebServerURLEncodedFormRequest.h"; path = "cordova-plugin-ionic-webview/GCDWebServerURLEncodedFormRequest.h"; sourceTree = "<group>"; fileEncoding = 4; lastKnownFileType = sourcecode.c.h; explicitFileType = undefined; includeInIndex = 0; };
		5CF80DA4DF8744649FD29E6A /* GCDWebServerDataResponse.h */ = {isa = PBXFileReference; name = "GCDWebServerDataResponse.h"; path = "cordova-plugin-ionic-webview/GCDWebServerDataResponse.h"; sourceTree = "<group>"; fileEncoding = 4; lastKnownFileType = sourcecode.c.h; explicitFileType = undefined; includeInIndex = 0; };
		8299467914644F5890FEE621 /* GCDWebServerErrorResponse.h */ = {isa = PBXFileReference; name = "GCDWebServerErrorResponse.h"; path = "cordova-plugin-ionic-webview/GCDWebServerErrorResponse.h"; sourceTree = "<group>"; fileEncoding = 4; lastKnownFileType = sourcecode.c.h; explicitFileType = undefined; includeInIndex = 0; };
		455CF413BECD4D3892F79D26 /* GCDWebServerFileResponse.h */ = {isa = PBXFileReference; name = "GCDWebServerFileResponse.h"; path = "cordova-plugin-ionic-webview/GCDWebServerFileResponse.h"; sourceTree = "<group>"; fileEncoding = 4; lastKnownFileType = sourcecode.c.h; explicitFileType = undefined; includeInIndex = 0; };
		83550CEC9CB84110A5CE4998 /* GCDWebServerStreamedResponse.h */ = {isa = PBXFileReference; name = "GCDWebServerStreamedResponse.h"; path = "cordova-plugin-ionic-webview/GCDWebServerStreamedResponse.h"; sourceTree = "<group>"; fileEncoding = 4; lastKnownFileType = sourcecode.c.h; explicitFileType = undefined; includeInIndex = 0; };
		E47D80E232FD4CF786D2FB0F /* WebKit.framework */ = {isa = PBXFileReference; name = "WebKit.framework"; path = "System/Library/Frameworks/WebKit.framework"; sourceTree = SDKROOT; fileEncoding = undefined; lastKnownFileType = wrapper.framework; explicitFileType = undefined; includeInIndex = 0; };
		86DFBCAB10424A20A4EA0098 /* libz.tbd */ = {isa = PBXFileReference; name = "libz.tbd"; path = "usr/lib/libz.tbd"; sourceTree = SDKROOT; fileEncoding = undefined; lastKnownFileType = sourcecode.text-based-dylib-definition; explicitFileType = undefined; includeInIndex = 0; };
		195C7D05790C4603B829C08A /* BackgroundTaskManager.m */ = {isa = PBXFileReference; name = "BackgroundTaskManager.m"; path = "cordova-plugin-mauron85-background-geolocation/BackgroundTaskManager.m"; sourceTree = "<group>"; fileEncoding = 4; lastKnownFileType = sourcecode.c.objc; explicitFileType = undefined; includeInIndex = 0; };
		FA7588569792484F9D66BD68 /* CDVBackgroundGeolocation.m */ = {isa = PBXFileReference; name = "CDVBackgroundGeolocation.m"; path = "cordova-plugin-mauron85-background-geolocation/CDVBackgroundGeolocation.m"; sourceTree = "<group>"; fileEncoding = 4; lastKnownFileType = sourcecode.c.objc; explicitFileType = undefined; includeInIndex = 0; };
		6CD0726D142A43DB9C9E143E /* CocoaLumberjack.m */ = {isa = PBXFileReference; name = "CocoaLumberjack.m"; path = "cordova-plugin-mauron85-background-geolocation/CocoaLumberjack.m"; sourceTree = "<group>"; fileEncoding = 4; lastKnownFileType = sourcecode.c.objc; explicitFileType = undefined; includeInIndex = 0; };
		ABC96A0173BB4451BBDB8D53 /* Config.m */ = {isa = PBXFileReference; name = "Config.m"; path = "cordova-plugin-mauron85-background-geolocation/Config.m"; sourceTree = "<group>"; fileEncoding = 4; lastKnownFileType = sourcecode.c.objc; explicitFileType = undefined; includeInIndex = 0; };
		BB5E0A7650734BB78B105034 /* FMDB.m */ = {isa = PBXFileReference; name = "FMDB.m"; path = "cordova-plugin-mauron85-background-geolocation/FMDB.m"; sourceTree = "<group>"; fileEncoding = 4; lastKnownFileType = sourcecode.c.objc; explicitFileType = undefined; includeInIndex = 0; };
		D9529E75FBCC4A54889139C9 /* FMDBLogger.m */ = {isa = PBXFileReference; name = "FMDBLogger.m"; path = "cordova-plugin-mauron85-background-geolocation/FMDBLogger.m"; sourceTree = "<group>"; fileEncoding = 4; lastKnownFileType = sourcecode.c.objc; explicitFileType = undefined; includeInIndex = 0; };
		E8F5FD4146494EB3B6912A4F /* GeolocationOpenHelper.m */ = {isa = PBXFileReference; name = "GeolocationOpenHelper.m"; path = "cordova-plugin-mauron85-background-geolocation/GeolocationOpenHelper.m"; sourceTree = "<group>"; fileEncoding = 4; lastKnownFileType = sourcecode.c.objc; explicitFileType = undefined; includeInIndex = 0; };
		E43B10AE364044C992751A47 /* Location.m */ = {isa = PBXFileReference; name = "Location.m"; path = "cordova-plugin-mauron85-background-geolocation/Location.m"; sourceTree = "<group>"; fileEncoding = 4; lastKnownFileType = sourcecode.c.objc; explicitFileType = undefined; includeInIndex = 0; };
		9DDA28359F534304B678CA86 /* LocationContract.m */ = {isa = PBXFileReference; name = "LocationContract.m"; path = "cordova-plugin-mauron85-background-geolocation/LocationContract.m"; sourceTree = "<group>"; fileEncoding = 4; lastKnownFileType = sourcecode.c.objc; explicitFileType = undefined; includeInIndex = 0; };
		BBE611AB908A471E9396B80C /* LocationManager.m */ = {isa = PBXFileReference; name = "LocationManager.m"; path = "cordova-plugin-mauron85-background-geolocation/LocationManager.m"; sourceTree = "<group>"; fileEncoding = 4; lastKnownFileType = sourcecode.c.objc; explicitFileType = undefined; includeInIndex = 0; };
		55CE19AC687743F59D008C3E /* LocationUploader.m */ = {isa = PBXFileReference; name = "LocationUploader.m"; path = "cordova-plugin-mauron85-background-geolocation/LocationUploader.m"; sourceTree = "<group>"; fileEncoding = 4; lastKnownFileType = sourcecode.c.objc; explicitFileType = undefined; includeInIndex = 0; };
		58FFC486B40342029D039983 /* Logging.m */ = {isa = PBXFileReference; name = "Logging.m"; path = "cordova-plugin-mauron85-background-geolocation/Logging.m"; sourceTree = "<group>"; fileEncoding = 4; lastKnownFileType = sourcecode.c.objc; explicitFileType = undefined; includeInIndex = 0; };
		A52910BEB7F147DF92D55E4F /* Reachability.m */ = {isa = PBXFileReference; name = "Reachability.m"; path = "cordova-plugin-mauron85-background-geolocation/Reachability.m"; sourceTree = "<group>"; fileEncoding = 4; lastKnownFileType = sourcecode.c.objc; explicitFileType = undefined; includeInIndex = 0; };
		342E9083332947F3BA5B2C1C /* SQLiteHelper.m */ = {isa = PBXFileReference; name = "SQLiteHelper.m"; path = "cordova-plugin-mauron85-background-geolocation/SQLiteHelper.m"; sourceTree = "<group>"; fileEncoding = 4; lastKnownFileType = sourcecode.c.objc; explicitFileType = undefined; includeInIndex = 0; };
		860E1187B16A46A184FA9813 /* SQLiteLocationDAO.m */ = {isa = PBXFileReference; name = "SQLiteLocationDAO.m"; path = "cordova-plugin-mauron85-background-geolocation/SQLiteLocationDAO.m"; sourceTree = "<group>"; fileEncoding = 4; lastKnownFileType = sourcecode.c.objc; explicitFileType = undefined; includeInIndex = 0; };
		9154CA0A428142F7A4E0BB9E /* SQLiteOpenHelper.m */ = {isa = PBXFileReference; name = "SQLiteOpenHelper.m"; path = "cordova-plugin-mauron85-background-geolocation/SQLiteOpenHelper.m"; sourceTree = "<group>"; fileEncoding = 4; lastKnownFileType = sourcecode.c.objc; explicitFileType = undefined; includeInIndex = 0; };
		361D1DAD51F84B84B6F6DD9A /* BackgroundTaskManager.h */ = {isa = PBXFileReference; name = "BackgroundTaskManager.h"; path = "cordova-plugin-mauron85-background-geolocation/BackgroundTaskManager.h"; sourceTree = "<group>"; fileEncoding = 4; lastKnownFileType = sourcecode.c.h; explicitFileType = undefined; includeInIndex = 0; };
		9423FCAF72B34D98BCE37A6A /* CDVBackgroundGeolocation.h */ = {isa = PBXFileReference; name = "CDVBackgroundGeolocation.h"; path = "cordova-plugin-mauron85-background-geolocation/CDVBackgroundGeolocation.h"; sourceTree = "<group>"; fileEncoding = 4; lastKnownFileType = sourcecode.c.h; explicitFileType = undefined; includeInIndex = 0; };
		3E467BBCDAF944008B00B28B /* CocoaLumberjack.h */ = {isa = PBXFileReference; name = "CocoaLumberjack.h"; path = "cordova-plugin-mauron85-background-geolocation/CocoaLumberjack.h"; sourceTree = "<group>"; fileEncoding = 4; lastKnownFileType = sourcecode.c.h; explicitFileType = undefined; includeInIndex = 0; };
		3CA655C1D72D4F38820466DB /* Config.h */ = {isa = PBXFileReference; name = "Config.h"; path = "cordova-plugin-mauron85-background-geolocation/Config.h"; sourceTree = "<group>"; fileEncoding = 4; lastKnownFileType = sourcecode.c.h; explicitFileType = undefined; includeInIndex = 0; };
		7F1148A5817F47969A69C142 /* FMDB.h */ = {isa = PBXFileReference; name = "FMDB.h"; path = "cordova-plugin-mauron85-background-geolocation/FMDB.h"; sourceTree = "<group>"; fileEncoding = 4; lastKnownFileType = sourcecode.c.h; explicitFileType = undefined; includeInIndex = 0; };
		45E7732F1B3F4BD88C2ED1B3 /* FMDBLogger.h */ = {isa = PBXFileReference; name = "FMDBLogger.h"; path = "cordova-plugin-mauron85-background-geolocation/FMDBLogger.h"; sourceTree = "<group>"; fileEncoding = 4; lastKnownFileType = sourcecode.c.h; explicitFileType = undefined; includeInIndex = 0; };
		0528C27877BA469FA7CA74BD /* GeolocationOpenHelper.h */ = {isa = PBXFileReference; name = "GeolocationOpenHelper.h"; path = "cordova-plugin-mauron85-background-geolocation/GeolocationOpenHelper.h"; sourceTree = "<group>"; fileEncoding = 4; lastKnownFileType = sourcecode.c.h; explicitFileType = undefined; includeInIndex = 0; };
		E32C723A0AFD4F20B0D1CB48 /* Location.h */ = {isa = PBXFileReference; name = "Location.h"; path = "cordova-plugin-mauron85-background-geolocation/Location.h"; sourceTree = "<group>"; fileEncoding = 4; lastKnownFileType = sourcecode.c.h; explicitFileType = undefined; includeInIndex = 0; };
		FD23C0369CFD4C57B914B6EA /* LocationContract.h */ = {isa = PBXFileReference; name = "LocationContract.h"; path = "cordova-plugin-mauron85-background-geolocation/LocationContract.h"; sourceTree = "<group>"; fileEncoding = 4; lastKnownFileType = sourcecode.c.h; explicitFileType = undefined; includeInIndex = 0; };
		4E92782930F14F1B8F59DED8 /* LocationManager.h */ = {isa = PBXFileReference; name = "LocationManager.h"; path = "cordova-plugin-mauron85-background-geolocation/LocationManager.h"; sourceTree = "<group>"; fileEncoding = 4; lastKnownFileType = sourcecode.c.h; explicitFileType = undefined; includeInIndex = 0; };
		55CD16CEBF2E4B7A93590A60 /* LocationUploader.h */ = {isa = PBXFileReference; name = "LocationUploader.h"; path = "cordova-plugin-mauron85-background-geolocation/LocationUploader.h"; sourceTree = "<group>"; fileEncoding = 4; lastKnownFileType = sourcecode.c.h; explicitFileType = undefined; includeInIndex = 0; };
		690A567BC61749A7A9F7A6C8 /* Logging.h */ = {isa = PBXFileReference; name = "Logging.h"; path = "cordova-plugin-mauron85-background-geolocation/Logging.h"; sourceTree = "<group>"; fileEncoding = 4; lastKnownFileType = sourcecode.c.h; explicitFileType = undefined; includeInIndex = 0; };
		F4C691A363AA48A19BB18695 /* Reachability.h */ = {isa = PBXFileReference; name = "Reachability.h"; path = "cordova-plugin-mauron85-background-geolocation/Reachability.h"; sourceTree = "<group>"; fileEncoding = 4; lastKnownFileType = sourcecode.c.h; explicitFileType = undefined; includeInIndex = 0; };
		2C0EB071BAAD4443B4E281C9 /* SQLiteHelper.h */ = {isa = PBXFileReference; name = "SQLiteHelper.h"; path = "cordova-plugin-mauron85-background-geolocation/SQLiteHelper.h"; sourceTree = "<group>"; fileEncoding = 4; lastKnownFileType = sourcecode.c.h; explicitFileType = undefined; includeInIndex = 0; };
		9BEE8B41008744CC9837E976 /* SQLiteLocationDAO.h */ = {isa = PBXFileReference; name = "SQLiteLocationDAO.h"; path = "cordova-plugin-mauron85-background-geolocation/SQLiteLocationDAO.h"; sourceTree = "<group>"; fileEncoding = 4; lastKnownFileType = sourcecode.c.h; explicitFileType = undefined; includeInIndex = 0; };
		300E268B9CFC4FDB84FF314E /* SQLiteOpenHelper.h */ = {isa = PBXFileReference; name = "SQLiteOpenHelper.h"; path = "cordova-plugin-mauron85-background-geolocation/SQLiteOpenHelper.h"; sourceTree = "<group>"; fileEncoding = 4; lastKnownFileType = sourcecode.c.h; explicitFileType = undefined; includeInIndex = 0; };
		D02CB62AE1284B0B8FE916F0 /* SystemConfiguration.framework */ = {isa = PBXFileReference; name = "SystemConfiguration.framework"; path = "System/Library/Frameworks/SystemConfiguration.framework"; sourceTree = SDKROOT; fileEncoding = undefined; lastKnownFileType = wrapper.framework; explicitFileType = undefined; includeInIndex = 0; };
		F74F33CB18E34695A85AF275 /* AudioToolbox.framework */ = {isa = PBXFileReference; name = "AudioToolbox.framework"; path = "System/Library/Frameworks/AudioToolbox.framework"; sourceTree = SDKROOT; fileEncoding = undefined; lastKnownFileType = wrapper.framework; explicitFileType = undefined; includeInIndex = 0; };
		2EBC4D5AFDA443F59B28B372 /* AVFoundation.framework */ = {isa = PBXFileReference; name = "AVFoundation.framework"; path = "System/Library/Frameworks/AVFoundation.framework"; sourceTree = SDKROOT; fileEncoding = undefined; lastKnownFileType = wrapper.framework; explicitFileType = undefined; includeInIndex = 0; };
		1C4EDAC4E4A14119A9174F2C /* libsqlite3.dylib */ = {isa = PBXFileReference; name = "libsqlite3.dylib"; path = "usr/lib/libsqlite3.dylib"; sourceTree = SDKROOT; fileEncoding = undefined; lastKnownFileType = compiled.mach-o.dylib; explicitFileType = undefined; includeInIndex = 0; };
		20DEC19980564C459463CDA5 /* CDVSplashScreen.m */ = {isa = PBXFileReference; name = "CDVSplashScreen.m"; path = "cordova-plugin-splashscreen/CDVSplashScreen.m"; sourceTree = "<group>"; fileEncoding = 4; lastKnownFileType = sourcecode.c.objc; explicitFileType = undefined; includeInIndex = 0; };
		AA7EA88C52564944984D489F /* CDVViewController+SplashScreen.m */ = {isa = PBXFileReference; name = "CDVViewController+SplashScreen.m"; path = "cordova-plugin-splashscreen/CDVViewController+SplashScreen.m"; sourceTree = "<group>"; fileEncoding = 4; lastKnownFileType = sourcecode.c.objc; explicitFileType = undefined; includeInIndex = 0; };
		F95FFF30E6C0450D81FFBC88 /* CDVSplashScreen.h */ = {isa = PBXFileReference; name = "CDVSplashScreen.h"; path = "cordova-plugin-splashscreen/CDVSplashScreen.h"; sourceTree = "<group>"; fileEncoding = 4; lastKnownFileType = sourcecode.c.h; explicitFileType = undefined; includeInIndex = 0; };
		E2EDE890151647839DEA8B16 /* CDVViewController+SplashScreen.h */ = {isa = PBXFileReference; name = "CDVViewController+SplashScreen.h"; path = "cordova-plugin-splashscreen/CDVViewController+SplashScreen.h"; sourceTree = "<group>"; fileEncoding = 4; lastKnownFileType = sourcecode.c.h; explicitFileType = undefined; includeInIndex = 0; };
		807D08FB3E6847B4B7D0A1DF /* IonicKeyboard.m */ = {isa = PBXFileReference; name = "IonicKeyboard.m"; path = "ionic-plugin-keyboard/IonicKeyboard.m"; sourceTree = "<group>"; fileEncoding = 4; lastKnownFileType = sourcecode.c.objc; explicitFileType = undefined; includeInIndex = 0; };
		2E8F86CA158142E78625B0D2 /* IonicKeyboard.h */ = {isa = PBXFileReference; name = "IonicKeyboard.h"; path = "ionic-plugin-keyboard/IonicKeyboard.h"; sourceTree = "<group>"; fileEncoding = 4; lastKnownFileType = sourcecode.c.h; explicitFileType = undefined; includeInIndex = 0; };
/* End PBXFileReference section */

/* Begin PBXFrameworksBuildPhase section */
		1D60588F0D05DD3D006BFB54 /* Frameworks */ = {
			isa = PBXFrameworksBuildPhase;
			buildActionMask = 2147483647;
			files = (
				301BF552109A68D80062928A /* libCordova.a in Frameworks */,
				315ECBFB2B83474FAFC9E505 /* CoreLocation.framework in Frameworks */,
				CBCA48DAE7AF4EFB945E0B58 /* WebKit.framework in Frameworks */,
				E1E1E93FEB914F57A9E8D1B5 /* libz.tbd in Frameworks */,
				6728C3147472439C8B46C609 /* SystemConfiguration.framework in Frameworks */,
				B34558004F174249AD0C0F03 /* AudioToolbox.framework in Frameworks */,
				5994FC99404242BAB64AD223 /* AVFoundation.framework in Frameworks */,
				12E7664C55B5445497CDC6FD /* libsqlite3.dylib in Frameworks */,
			);
			runOnlyForDeploymentPostprocessing = 0;
		};
/* End PBXFrameworksBuildPhase section */

/* Begin PBXGroup section */
		080E96DDFE201D6D7F000001 /* Classes */ = {
			isa = PBXGroup;
			children = (
				302D95EE14D2391D003F00A1 /* MainViewController.h */,
				302D95EF14D2391D003F00A1 /* MainViewController.m */,
				302D95F014D2391D003F00A1 /* MainViewController.xib */,
				1D3623240D0F684500981E51 /* AppDelegate.h */,
				1D3623250D0F684500981E51 /* AppDelegate.m */,
			);
			name = Classes;
			path = "nav/Classes";
			sourceTree = SOURCE_ROOT;
		};
		19C28FACFE9D520D11CA2CBB /* Products */ = {
			isa = PBXGroup;
			children = (
				1D6058910D05DD3D006BFB54 /* nav.app */,
			);
			name = Products;
			sourceTree = "<group>";
		};
		29B97314FDCFA39411CA2CEA /* CustomTemplate */ = {
			isa = PBXGroup;
			children = (
				EB87FDF41871DAF40020F90C /* config.xml */,
				EB87FDF31871DA8E0020F90C /* www */,
				EB87FDF11871DA420020F90C /* Staging */,
				301BF52D109A57CC0062928A /* CordovaLib.xcodeproj */,
				080E96DDFE201D6D7F000001 /* Classes */,
				307C750510C5A3420062BCA9 /* Plugins */,
				29B97315FDCFA39411CA2CEA /* Other Sources */,
				29B97317FDCFA39411CA2CEA /* Resources */,
				29B97323FDCFA39411CA2CEA /* Frameworks */,
				19C28FACFE9D520D11CA2CBB /* Products */,
			);
			name = CustomTemplate;
			sourceTree = "<group>";
		};
		29B97315FDCFA39411CA2CEA /* Other Sources */ = {
			isa = PBXGroup;
			children = (
				32CA4F630368D1EE00C91783 /* nav-Prefix.pch */,
				29B97316FDCFA39411CA2CEA /* main.m */,
				ED33DF2A687741AEAF9F8254 /* Bridging-Header.h */,
			);
			name = "Other Sources";
			path = "nav";
			sourceTree = "<group>";
		};
		29B97317FDCFA39411CA2CEA /* Resources */ = {
			isa = PBXGroup;
			children = (
				0207DA571B56EA530066E2B4 /* Images.xcassets */,
				3047A50E1AB8057F00498E2A /* config */,
				8D1107310486CEB800E47090 /* nav-Info.plist */,
				6AFF5BF81D6E424B00AB3073 /* CDVLaunchScreen.storyboard */,
			);
			name = Resources;
			path = "nav/Resources";
			sourceTree = "<group>";
		};
		29B97323FDCFA39411CA2CEA /* Frameworks */ = {
			isa = PBXGroup;
			children = (
				3983D0DBF0514F82A08E7DCD /* CoreLocation.framework */,
				E47D80E232FD4CF786D2FB0F /* WebKit.framework */,
				86DFBCAB10424A20A4EA0098 /* libz.tbd */,
				D02CB62AE1284B0B8FE916F0 /* SystemConfiguration.framework */,
				F74F33CB18E34695A85AF275 /* AudioToolbox.framework */,
				2EBC4D5AFDA443F59B28B372 /* AVFoundation.framework */,
				1C4EDAC4E4A14119A9174F2C /* libsqlite3.dylib */,
			);
			name = Frameworks;
			sourceTree = "<group>";
		};
		301BF52E109A57CC0062928A /* Products */ = {
			isa = PBXGroup;
			children = (
				301BF535109A57CC0062928A /* libCordova.a */,
			);
			name = Products;
			sourceTree = "<group>";
		};
		3047A50E1AB8057F00498E2A /* config */ = {
			isa = PBXGroup;
			children = (
				3047A50F1AB8059700498E2A /* build-debug.xcconfig */,
				3047A5101AB8059700498E2A /* build-release.xcconfig */,
				3047A5111AB8059700498E2A /* build.xcconfig */,
			);
			name = config;
			sourceTree = "<group>";
		};
		307C750510C5A3420062BCA9 /* Plugins */ = {
			isa = PBXGroup;
			children = (
				CBC2BE24EBCD4726916A7B1A /* CDVDevice.m */,
				CF854C4EF74B4152BBC9A38E /* CDVDevice.h */,
				0AE6599D72474F9BAAE31F18 /* CDVLocation.m */,
				60673F067C5443EF8CD2AFF0 /* CDVLocation.h */,
				A4135BE55599417897C28224 /* CDVWKWebViewEngine.m */,
				D09CEE899B76478C91AA6D2F /* CDVWKWebViewUIDelegate.m */,
				C4E5D4D16616440DBC904B1E /* CDVWKProcessPoolFactory.m */,
				EC3A7EC3A4AC4F1C9BEF3991 /* GCDWebServer.m */,
				92C3F8110EC44BEDBAEB79CD /* GCDWebServerConnection.m */,
				089490C2E5034F3FA97C886C /* GCDWebServerFunctions.m */,
				2338F519ADC14A97B55F3429 /* GCDWebServerRequest.m */,
				C97A9136F9D94137A88E6A3F /* GCDWebServerResponse.m */,
				78B732E3AE144160A730DC83 /* GCDWebServerDataRequest.m */,
				B38BAF5A88874603A89CF739 /* GCDWebServerFileRequest.m */,
				E07F2FED681E4B199F920EB0 /* GCDWebServerMultiPartFormRequest.m */,
				2A691B9173014BC084510623 /* GCDWebServerURLEncodedFormRequest.m */,
				07B5DD603E7D4F3E8FFDCC1D /* GCDWebServerDataResponse.m */,
				45385B57A82B4EE380324EB9 /* GCDWebServerErrorResponse.m */,
				AD8A5FB031DF4A1DA000FA4F /* GCDWebServerFileResponse.m */,
				E79FA1B5BF3C45D28944824C /* GCDWebServerStreamedResponse.m */,
				3EBF27EAD5D2408AA2495555 /* CDVWKWebViewEngine.h */,
				CDECA72FEFFE49A691C329AA /* CDVWKWebViewUIDelegate.h */,
				D0A362771CE84B609E5BD729 /* CDVWKProcessPoolFactory.h */,
				E5AC4732E17F4B3A8BDF0A93 /* GCDWebServer.h */,
				DE9F193C3BA049D6AEEBD2CB /* GCDWebServerConnection.h */,
				1F0B850927E9414A97B87BD1 /* GCDWebServerFunctions.h */,
				C620DEF5E30043DCAD23ECCF /* GCDWebServerHTTPStatusCodes.h */,
				54B27EB0E12348679E2942E8 /* GCDWebServerPrivate.h */,
				7AF4A3863BA84F688A28B7E4 /* GCDWebServerRequest.h */,
				16D715A2CDB6401893B519CE /* GCDWebServerResponse.h */,
				B841A0939B6243AB864010E5 /* GCDWebServerDataRequest.h */,
				3F598380B8BB4071A131E01A /* GCDWebServerFileRequest.h */,
				7AE695B13685431E9202B919 /* GCDWebServerMultiPartFormRequest.h */,
				363C5945C34B4A6093893DB0 /* GCDWebServerURLEncodedFormRequest.h */,
				5CF80DA4DF8744649FD29E6A /* GCDWebServerDataResponse.h */,
				8299467914644F5890FEE621 /* GCDWebServerErrorResponse.h */,
				455CF413BECD4D3892F79D26 /* GCDWebServerFileResponse.h */,
				83550CEC9CB84110A5CE4998 /* GCDWebServerStreamedResponse.h */,
				195C7D05790C4603B829C08A /* BackgroundTaskManager.m */,
				FA7588569792484F9D66BD68 /* CDVBackgroundGeolocation.m */,
				6CD0726D142A43DB9C9E143E /* CocoaLumberjack.m */,
				ABC96A0173BB4451BBDB8D53 /* Config.m */,
				BB5E0A7650734BB78B105034 /* FMDB.m */,
				D9529E75FBCC4A54889139C9 /* FMDBLogger.m */,
				E8F5FD4146494EB3B6912A4F /* GeolocationOpenHelper.m */,
				E43B10AE364044C992751A47 /* Location.m */,
				9DDA28359F534304B678CA86 /* LocationContract.m */,
				BBE611AB908A471E9396B80C /* LocationManager.m */,
				55CE19AC687743F59D008C3E /* LocationUploader.m */,
				58FFC486B40342029D039983 /* Logging.m */,
				A52910BEB7F147DF92D55E4F /* Reachability.m */,
				342E9083332947F3BA5B2C1C /* SQLiteHelper.m */,
				860E1187B16A46A184FA9813 /* SQLiteLocationDAO.m */,
				9154CA0A428142F7A4E0BB9E /* SQLiteOpenHelper.m */,
				361D1DAD51F84B84B6F6DD9A /* BackgroundTaskManager.h */,
				9423FCAF72B34D98BCE37A6A /* CDVBackgroundGeolocation.h */,
				3E467BBCDAF944008B00B28B /* CocoaLumberjack.h */,
				3CA655C1D72D4F38820466DB /* Config.h */,
				7F1148A5817F47969A69C142 /* FMDB.h */,
				45E7732F1B3F4BD88C2ED1B3 /* FMDBLogger.h */,
				0528C27877BA469FA7CA74BD /* GeolocationOpenHelper.h */,
				E32C723A0AFD4F20B0D1CB48 /* Location.h */,
				FD23C0369CFD4C57B914B6EA /* LocationContract.h */,
				4E92782930F14F1B8F59DED8 /* LocationManager.h */,
				55CD16CEBF2E4B7A93590A60 /* LocationUploader.h */,
				690A567BC61749A7A9F7A6C8 /* Logging.h */,
				F4C691A363AA48A19BB18695 /* Reachability.h */,
				2C0EB071BAAD4443B4E281C9 /* SQLiteHelper.h */,
				9BEE8B41008744CC9837E976 /* SQLiteLocationDAO.h */,
				300E268B9CFC4FDB84FF314E /* SQLiteOpenHelper.h */,
				20DEC19980564C459463CDA5 /* CDVSplashScreen.m */,
				AA7EA88C52564944984D489F /* CDVViewController+SplashScreen.m */,
				F95FFF30E6C0450D81FFBC88 /* CDVSplashScreen.h */,
				E2EDE890151647839DEA8B16 /* CDVViewController+SplashScreen.h */,
				807D08FB3E6847B4B7D0A1DF /* IonicKeyboard.m */,
				2E8F86CA158142E78625B0D2 /* IonicKeyboard.h */,
			);
			name = Plugins;
			path = "nav/Plugins";
			sourceTree = SOURCE_ROOT;
		};
		EB87FDF11871DA420020F90C /* Staging */ = {
			isa = PBXGroup;
			children = (
				F840E1F0165FE0F500CFE078 /* config.xml */,
				301BF56E109A69640062928A /* www */,
			);
			name = Staging;
			sourceTree = "<group>";
		};
/* End PBXGroup section */

/* Begin PBXNativeTarget section */
		1D6058900D05DD3D006BFB54 /* nav */ = {
			isa = PBXNativeTarget;
			buildConfigurationList = 1D6058960D05DD3E006BFB54 /* Build configuration list for PBXNativeTarget "nav" */;
			buildPhases = (
				304B58A110DAC018002A0835 /* Copy www directory */,
				1D60588D0D05DD3D006BFB54 /* Resources */,
				1D60588E0D05DD3D006BFB54 /* Sources */,
				1D60588F0D05DD3D006BFB54 /* Frameworks */,
			);
			buildRules = (
			);
			dependencies = (
				301BF551109A68C00062928A /* PBXTargetDependency */,
			);
			name = "nav";
			productName = "nav";
			productReference = 1D6058910D05DD3D006BFB54 /* nav.app */;
			productType = "com.apple.product-type.application";
		};
/* End PBXNativeTarget section */

/* Begin PBXProject section */
		29B97313FDCFA39411CA2CEA /* Project object */ = {
			isa = PBXProject;
			attributes = {
				LastUpgradeCheck = 510;
			};
			buildConfigurationList = C01FCF4E08A954540054247B /* Build configuration list for PBXProject "__NON-CLI__" */;
			compatibilityVersion = "Xcode 3.2";
			developmentRegion = English;
			hasScannedForEncodings = 1;
			mainGroup = 29B97314FDCFA39411CA2CEA /* CustomTemplate */;
			projectDirPath = "";
			projectReferences = (
				{
					ProductGroup = 301BF52E109A57CC0062928A /* Products */;
					ProjectRef = 301BF52D109A57CC0062928A /* CordovaLib.xcodeproj */;
				},
			);
			projectRoot = "";
			targets = (
				1D6058900D05DD3D006BFB54 /* nav */,
			);
		};
/* End PBXProject section */

/* Begin PBXReferenceProxy section */
		301BF535109A57CC0062928A /* libCordova.a */ = {
			isa = PBXReferenceProxy;
			fileType = archive.ar;
			path = libCordova.a;
			remoteRef = 301BF534109A57CC0062928A /* PBXContainerItemProxy */;
			sourceTree = BUILT_PRODUCTS_DIR;
		};
/* End PBXReferenceProxy section */

/* Begin PBXResourcesBuildPhase section */
		1D60588D0D05DD3D006BFB54 /* Resources */ = {
			isa = PBXResourcesBuildPhase;
			buildActionMask = 2147483647;
			files = (
				302D95F214D2391D003F00A1 /* MainViewController.xib in Resources */,
				0207DA581B56EA530066E2B4 /* Images.xcassets in Resources */,
				6AFF5BF91D6E424B00AB3073 /* CDVLaunchScreen.storyboard in Resources */,
			);
			runOnlyForDeploymentPostprocessing = 0;
		};
/* End PBXResourcesBuildPhase section */

/* Begin PBXShellScriptBuildPhase section */
		304B58A110DAC018002A0835 /* Copy www directory */ = {
			isa = PBXShellScriptBuildPhase;
			buildActionMask = 2147483647;
			files = (
			);
			inputPaths = (
			);
			name = "Copy www directory";
			outputPaths = (
			);
			runOnlyForDeploymentPostprocessing = 0;
			shellPath = /bin/sh;
			shellScript = "NODEJS_PATH=/usr/local/bin; NVM_NODE_PATH=~/.nvm/versions/node/`nvm version 2>/dev/null`/bin; N_NODE_PATH=`find /usr/local/n/versions/node/* -maxdepth 0 -type d 2>/dev/null | tail -1`/bin; XCODE_NODE_PATH=`xcode-select --print-path`/usr/share/xcs/Node/bin; PATH=$NODEJS_PATH:$NVM_NODE_PATH:$N_NODE_PATH:$XCODE_NODE_PATH:$PATH && node cordova/lib/copy-www-build-step.js";
			showEnvVarsInLog = 0;
		};
/* End PBXShellScriptBuildPhase section */

/* Begin PBXSourcesBuildPhase section */
		1D60588E0D05DD3D006BFB54 /* Sources */ = {
			isa = PBXSourcesBuildPhase;
			buildActionMask = 2147483647;
			files = (
				1D60589B0D05DD56006BFB54 /* main.m in Sources */,
				1D3623260D0F684500981E51 /* AppDelegate.m in Sources */,
				302D95F114D2391D003F00A1 /* MainViewController.m in Sources */,
				11548B5F74F34AB2801D2F7D /* CDVDevice.m in Sources */,
				F3F7C54E23364CF38A8BE815 /* CDVLocation.m in Sources */,
				129BA13AEFF5489389E2E34B /* CDVWKWebViewEngine.m in Sources */,
				5260131D4144485EBCFDE25C /* CDVWKWebViewUIDelegate.m in Sources */,
				27F69783162948DAA177A653 /* CDVWKProcessPoolFactory.m in Sources */,
				A22CC7207ACD40A9BB8368F1 /* GCDWebServer.m in Sources */,
				1791292B55924E7A80184C92 /* GCDWebServerConnection.m in Sources */,
				32E3491EAB194846ACFB2331 /* GCDWebServerFunctions.m in Sources */,
				A246FF06B5AC4E75951C30CF /* GCDWebServerRequest.m in Sources */,
				7B688C5A7D20431B8159FDB8 /* GCDWebServerResponse.m in Sources */,
				6C67B65F086D46BC9379617F /* GCDWebServerDataRequest.m in Sources */,
				FE954129D6FA4C15946E3CF0 /* GCDWebServerFileRequest.m in Sources */,
				F21EE348D4114AD8A91CA5DF /* GCDWebServerMultiPartFormRequest.m in Sources */,
				DA3C5820807B4B7ABF03497E /* GCDWebServerURLEncodedFormRequest.m in Sources */,
				DD8807889EF34F2C8C0607F5 /* GCDWebServerDataResponse.m in Sources */,
				C94A554BBC9C44BD81F3CDA7 /* GCDWebServerErrorResponse.m in Sources */,
				FA3E780A3CCA41499FBAC658 /* GCDWebServerFileResponse.m in Sources */,
				7A747D02C57E46FE91DBD733 /* GCDWebServerStreamedResponse.m in Sources */,
				32B6E9FA15F444E590692938 /* BackgroundTaskManager.m in Sources */,
				42E2784C7F00441899208238 /* CDVBackgroundGeolocation.m in Sources */,
				D396F69566FB48F4B81FDAF1 /* CocoaLumberjack.m in Sources */,
				3F081BC4BF9B42EEAAC4B56F /* Config.m in Sources */,
				D2F7D5FA5D0E44F1B9C2B47E /* FMDB.m in Sources */,
				A85D8F7D21B74EEFA558E1C7 /* FMDBLogger.m in Sources */,
				838EEC4F189B436692EF2997 /* GeolocationOpenHelper.m in Sources */,
				5032031C65CB4B68A2348258 /* Location.m in Sources */,
				F560614B5D994BAE8D38A633 /* LocationContract.m in Sources */,
				9BD1051CF69748D9A3453104 /* LocationManager.m in Sources */,
				A6006E6969B44DD5A4D0B362 /* LocationUploader.m in Sources */,
				8AC66868C8644F34913425DD /* Logging.m in Sources */,
				72CD16DC54994BE9A2D19E48 /* Reachability.m in Sources */,
				C5CA7639F10A49258ACAA69D /* SQLiteHelper.m in Sources */,
				246D896E1F4E414AB4C62100 /* SQLiteLocationDAO.m in Sources */,
				DF06AD1D072A4A399F4F9222 /* SQLiteOpenHelper.m in Sources */,
				118D465C2ADA44A486DE2DDD /* CDVSplashScreen.m in Sources */,
				957120AEAF0842999E26C37A /* CDVViewController+SplashScreen.m in Sources */,
				EB15C6FFE9BE4A9AB757FA35 /* IonicKeyboard.m in Sources */,
			);
			runOnlyForDeploymentPostprocessing = 0;
		};
/* End PBXSourcesBuildPhase section */

/* Begin PBXTargetDependency section */
		301BF551109A68C00062928A /* PBXTargetDependency */ = {
			isa = PBXTargetDependency;
			name = CordovaLib;
			targetProxy = 301BF550109A68C00062928A /* PBXContainerItemProxy */;
		};
/* End PBXTargetDependency section */

/* Begin XCBuildConfiguration section */
		1D6058940D05DD3E006BFB54 /* Debug */ = {
			isa = XCBuildConfiguration;
			baseConfigurationReference = 3047A50F1AB8059700498E2A /* build-debug.xcconfig */;
			buildSettings = {
				ALWAYS_SEARCH_USER_PATHS = NO;
				ASSETCATALOG_COMPILER_APPICON_NAME = AppIcon;
				ASSETCATALOG_COMPILER_LAUNCHIMAGE_NAME = LaunchImage;
				CLANG_ENABLE_MODULES = YES;
				CLANG_ENABLE_OBJC_ARC = YES;
				COPY_PHASE_STRIP = NO;
				GCC_DYNAMIC_NO_PIC = NO;
				GCC_OPTIMIZATION_LEVEL = 0;
				GCC_PRECOMPILE_PREFIX_HEADER = YES;
				GCC_PREFIX_HEADER = "nav/nav-Prefix.pch";
				GCC_THUMB_SUPPORT = NO;
				GCC_VERSION = "";
				INFOPLIST_FILE = "nav/nav-Info.plist";
				IPHONEOS_DEPLOYMENT_TARGET = 9.0;
				LD_RUNPATH_SEARCH_PATHS = "@executable_path/Frameworks";
				TARGETED_DEVICE_FAMILY = "1,2";
				PRODUCT_NAME = "nav";
			};
			name = Debug;
		};
		1D6058950D05DD3E006BFB54 /* Release */ = {
			isa = XCBuildConfiguration;
			baseConfigurationReference = 3047A5101AB8059700498E2A /* build-release.xcconfig */;
			buildSettings = {
				ALWAYS_SEARCH_USER_PATHS = NO;
				ASSETCATALOG_COMPILER_APPICON_NAME = AppIcon;
				ASSETCATALOG_COMPILER_LAUNCHIMAGE_NAME = LaunchImage;
				CLANG_ENABLE_MODULES = YES;
				CLANG_ENABLE_OBJC_ARC = YES;
				COPY_PHASE_STRIP = YES;
				GCC_PRECOMPILE_PREFIX_HEADER = YES;
				GCC_PREFIX_HEADER = "nav/nav-Prefix.pch";
				GCC_THUMB_SUPPORT = NO;
				GCC_VERSION = "";
				INFOPLIST_FILE = "nav/nav-Info.plist";
				IPHONEOS_DEPLOYMENT_TARGET = 9.0;
				LD_RUNPATH_SEARCH_PATHS = "@executable_path/Frameworks";
				TARGETED_DEVICE_FAMILY = "1,2";
				PRODUCT_NAME = "nav";
			};
			name = Release;
		};
		C01FCF4F08A954540054247B /* Debug */ = {
			isa = XCBuildConfiguration;
			baseConfigurationReference = 3047A5111AB8059700498E2A /* build.xcconfig */;
			buildSettings = {
				CLANG_ENABLE_MODULES = YES;
				CLANG_ENABLE_OBJC_ARC = YES;
				CLANG_WARN_BOOL_CONVERSION = YES;
				CLANG_WARN_CONSTANT_CONVERSION = YES;
				CLANG_WARN_EMPTY_BODY = YES;
				CLANG_WARN_ENUM_CONVERSION = YES;
				CLANG_WARN_INT_CONVERSION = YES;
				CLANG_WARN__DUPLICATE_METHOD_MATCH = YES;
				GCC_C_LANGUAGE_STANDARD = c99;
				GCC_THUMB_SUPPORT = NO;
				GCC_VERSION = "";
				GCC_WARN_ABOUT_RETURN_TYPE = YES;
				GCC_WARN_UNDECLARED_SELECTOR = YES;
				GCC_WARN_UNINITIALIZED_AUTOS = YES;
				GCC_WARN_UNUSED_FUNCTION = YES;
				GCC_WARN_UNUSED_VARIABLE = YES;
				ONLY_ACTIVE_ARCH = YES;
				SDKROOT = iphoneos;
				SKIP_INSTALL = NO;
			};
			name = Debug;
		};
		C01FCF5008A954540054247B /* Release */ = {
			isa = XCBuildConfiguration;
			baseConfigurationReference = 3047A5111AB8059700498E2A /* build.xcconfig */;
			buildSettings = {
				CLANG_ENABLE_MODULES = YES;
				CLANG_ENABLE_OBJC_ARC = YES;
				CLANG_WARN_BOOL_CONVERSION = YES;
				CLANG_WARN_CONSTANT_CONVERSION = YES;
				CLANG_WARN_EMPTY_BODY = YES;
				CLANG_WARN_ENUM_CONVERSION = YES;
				CLANG_WARN_INT_CONVERSION = YES;
				CLANG_WARN__DUPLICATE_METHOD_MATCH = YES;
				GCC_C_LANGUAGE_STANDARD = c99;
				GCC_THUMB_SUPPORT = NO;
				GCC_VERSION = "";
				GCC_WARN_ABOUT_RETURN_TYPE = YES;
				GCC_WARN_UNDECLARED_SELECTOR = YES;
				GCC_WARN_UNINITIALIZED_AUTOS = YES;
				GCC_WARN_UNUSED_FUNCTION = YES;
				GCC_WARN_UNUSED_VARIABLE = YES;
				SDKROOT = iphoneos;
				SKIP_INSTALL = NO;
			};
			name = Release;
		};
/* End XCBuildConfiguration section */

/* Begin XCConfigurationList section */
		1D6058960D05DD3E006BFB54 /* Build configuration list for PBXNativeTarget "nav" */ = {
			isa = XCConfigurationList;
			buildConfigurations = (
				1D6058940D05DD3E006BFB54 /* Debug */,
				1D6058950D05DD3E006BFB54 /* Release */,
			);
			defaultConfigurationIsVisible = 0;
			defaultConfigurationName = Release;
		};
		C01FCF4E08A954540054247B /* Build configuration list for PBXProject "__NON-CLI__" */ = {
			isa = XCConfigurationList;
			buildConfigurations = (
				C01FCF4F08A954540054247B /* Debug */,
				C01FCF5008A954540054247B /* Release */,
			);
			defaultConfigurationIsVisible = 0;
			defaultConfigurationName = Release;
		};
/* End XCConfigurationList section */
	};
	rootObject = 29B97313FDCFA39411CA2CEA /* Project object */;
}
